
Microsoft Visual Studio Solution File, Format Version 12.00
# Visual Studio 15
VisualStudioVersion = 15.0.27130.2027
MinimumVisualStudioVersion = 10.0.40219.1
Project("{8BC9CEB8-8B4A-11D0-8D11-00A0C91BC942}") = "TetraEngine", "TetraEngine\TetraEngine.vcxproj", "{B12702AD-ABFB-343A-A199-8E24837244A3}"
	ProjectSection(ProjectDependencies) = postProject
		{FCBCDB85-039C-49E7-A594-7380F15A3083} = {FCBCDB85-039C-49E7-A594-7380F15A3083}
	EndProjectSection
EndProject
Project("{8BC9CEB8-8B4A-11D0-8D11-00A0C91BC942}") = "TetraRenderLib", "TetraRenderLib\TetraRenderLib.vcxproj", "{FCBCDB85-039C-49E7-A594-7380F15A3083}"
EndProject
Project("{2150E333-8FDC-42A3-9474-1A3956D46DE8}") = "folder", "folder", "{E32AC566-0CF1-48A1-94D2-B16A60EC7F4D}"
EndProject
Project("{8BC9CEB8-8B4A-11D0-8D11-00A0C91BC942}") = "TetraVisu", "TetraVisu\TetraVisu.vcxproj", "{9E22EF76-C54F-4BE0-88F1-B08E95455701}"
	ProjectSection(ProjectDependencies) = postProject
		{FCBCDB85-039C-49E7-A594-7380F15A3083} = {FCBCDB85-039C-49E7-A594-7380F15A3083}
	EndProjectSection
EndProject
Project("{2150E333-8FDC-42A3-9474-1A3956D46DE8}") = "shader", "shader", "{07F9E6C2-15D8-414F-B0CD-1BA6BB44B81E}"
EndProject
Project("{2150E333-8FDC-42A3-9474-1A3956D46DE8}") = "scenes", "scenes", "{3DECBD49-B112-4504-92A5-7F781A899379}"
	ProjectSection(SolutionItems) = preProject
		x64\Release\scenes\saved.json = x64\Release\scenes\saved.json
		x64\Release\scenes\scene.json = x64\Release\scenes\scene.json
	EndProjectSection
EndProject
Project("{2150E333-8FDC-42A3-9474-1A3956D46DE8}") = "frag", "frag", "{6BE65391-E5AC-46DC-A1E7-7E9E20E12EC9}"
	ProjectSection(SolutionItems) = preProject
		x64\Release\shaders\col.frag = x64\Release\shaders\col.frag
		x64\Release\shaders\cubeMap.frag = x64\Release\shaders\cubeMap.frag
		x64\Release\shaders\debug.frag = x64\Release\shaders\debug.frag
		x64\Release\shaders\defferedShading.frag = x64\Release\shaders\defferedShading.frag
		x64\Release\shaders\directionalLight.frag = x64\Release\shaders\directionalLight.frag
		x64\Release\shaders\kernel.frag = x64\Release\shaders\kernel.frag
		x64\Release\shaders\lightCalc.frag = x64\Release\shaders\lightCalc.frag
		x64\Release\shaders\lightStruct.hfrag = x64\Release\shaders\lightStruct.hfrag
		x64\Release\shaders\PBR.frag = x64\Release\shaders\PBR.frag
		x64\Release\shaders\postProcessEffect.frag = x64\Release\shaders\postProcessEffect.frag
		x64\Release\shaders\rectSky.frag = x64\Release\shaders\rectSky.frag
		x64\Release\shaders\specular.frag = x64\Release\shaders\specular.frag
		x64\Release\shaders\specularCalc.frag = x64\Release\shaders\specularCalc.frag
		x64\Release\shaders\structDef.frag = x64\Release\shaders\structDef.frag
		x64\Release\shaders\texture.frag = x64\Release\shaders\texture.frag
		x64\Release\shaders\transform.frag = x64\Release\shaders\transform.frag
	EndProjectSection
EndProject
Project("{2150E333-8FDC-42A3-9474-1A3956D46DE8}") = "ver", "ver", "{AA732BC1-7133-4458-B583-47FF6AAF60F1}"
	ProjectSection(SolutionItems) = preProject
		x64\Release\shaders\cubeMap.ver = x64\Release\shaders\cubeMap.ver
		x64\Release\shaders\postProcess.ver = x64\Release\shaders\postProcess.ver
		x64\Release\shaders\texture.ver = x64\Release\shaders\texture.ver
		x64\Release\shaders\transform.ver = x64\Release\shaders\transform.ver
	EndProjectSection
EndProject
Project("{2150E333-8FDC-42A3-9474-1A3956D46DE8}") = "services", "services", "{238AC206-0134-4E2C-9854-6C174697DB1C}"
	ProjectSection(SolutionItems) = preProject
		x64\Release\shaders\sampleEquirectangular.glsl = x64\Release\shaders\sampleEquirectangular.glsl
	EndProjectSection
EndProject
Global
	GlobalSection(SolutionConfigurationPlatforms) = preSolution
		Debug|x64 = Debug|x64
		Debug|x86 = Debug|x86
		Release|x64 = Release|x64
		Release|x86 = Release|x86
	EndGlobalSection
	GlobalSection(ProjectConfigurationPlatforms) = postSolution
		{B12702AD-ABFB-343A-A199-8E24837244A3}.Debug|x64.ActiveCfg = Debug|x64
		{B12702AD-ABFB-343A-A199-8E24837244A3}.Debug|x64.Build.0 = Debug|x64
		{B12702AD-ABFB-343A-A199-8E24837244A3}.Debug|x86.ActiveCfg = Debug|x64
		{B12702AD-ABFB-343A-A199-8E24837244A3}.Release|x64.ActiveCfg = Release|x64
		{B12702AD-ABFB-343A-A199-8E24837244A3}.Release|x64.Build.0 = Release|x64
		{B12702AD-ABFB-343A-A199-8E24837244A3}.Release|x86.ActiveCfg = Release|x64
		{FCBCDB85-039C-49E7-A594-7380F15A3083}.Debug|x64.ActiveCfg = Debug|x64
		{FCBCDB85-039C-49E7-A594-7380F15A3083}.Debug|x64.Build.0 = Debug|x64
		{FCBCDB85-039C-49E7-A594-7380F15A3083}.Debug|x86.ActiveCfg = Debug|Win32
		{FCBCDB85-039C-49E7-A594-7380F15A3083}.Debug|x86.Build.0 = Debug|Win32
		{FCBCDB85-039C-49E7-A594-7380F15A3083}.Release|x64.ActiveCfg = Release|x64
		{FCBCDB85-039C-49E7-A594-7380F15A3083}.Release|x64.Build.0 = Release|x64
		{FCBCDB85-039C-49E7-A594-7380F15A3083}.Release|x86.ActiveCfg = Release|Win32
		{FCBCDB85-039C-49E7-A594-7380F15A3083}.Release|x86.Build.0 = Release|Win32
		{9E22EF76-C54F-4BE0-88F1-B08E95455701}.Debug|x64.ActiveCfg = Debug|x64
		{9E22EF76-C54F-4BE0-88F1-B08E95455701}.Debug|x64.Build.0 = Debug|x64
		{9E22EF76-C54F-4BE0-88F1-B08E95455701}.Debug|x86.ActiveCfg = Debug|Win32
		{9E22EF76-C54F-4BE0-88F1-B08E95455701}.Debug|x86.Build.0 = Debug|Win32
		{9E22EF76-C54F-4BE0-88F1-B08E95455701}.Release|x64.ActiveCfg = Release|x64
		{9E22EF76-C54F-4BE0-88F1-B08E95455701}.Release|x64.Build.0 = Release|x64
		{9E22EF76-C54F-4BE0-88F1-B08E95455701}.Release|x86.ActiveCfg = Release|Win32
		{9E22EF76-C54F-4BE0-88F1-B08E95455701}.Release|x86.Build.0 = Release|Win32
	EndGlobalSection
	GlobalSection(SolutionProperties) = preSolution
		HideSolutionNode = FALSE
	EndGlobalSection
	GlobalSection(NestedProjects) = preSolution
		{07F9E6C2-15D8-414F-B0CD-1BA6BB44B81E} = {E32AC566-0CF1-48A1-94D2-B16A60EC7F4D}
		{3DECBD49-B112-4504-92A5-7F781A899379} = {E32AC566-0CF1-48A1-94D2-B16A60EC7F4D}
		{6BE65391-E5AC-46DC-A1E7-7E9E20E12EC9} = {07F9E6C2-15D8-414F-B0CD-1BA6BB44B81E}
		{AA732BC1-7133-4458-B583-47FF6AAF60F1} = {07F9E6C2-15D8-414F-B0CD-1BA6BB44B81E}
		{238AC206-0134-4E2C-9854-6C174697DB1C} = {07F9E6C2-15D8-414F-B0CD-1BA6BB44B81E}
	EndGlobalSection
	GlobalSection(ExtensibilityGlobals) = postSolution
		Qt5Version = 10.1
		SolutionGuid = {39BABE6F-64FF-43C3-8F19-8EDDFF05CEE5}
	EndGlobalSection
	GlobalSection(Performance) = preSolution
		HasPerformanceSessions = true
	EndGlobalSection
	GlobalSection(Performance) = preSolution
		HasPerformanceSessions = true
	EndGlobalSection
	GlobalSection(Performance) = preSolution
		HasPerformanceSessions = true
	EndGlobalSection
	GlobalSection(Performance) = preSolution
		HasPerformanceSessions = true
	EndGlobalSection
	GlobalSection(Performance) = preSolution
		HasPerformanceSessions = true
	EndGlobalSection
	GlobalSection(Performance) = preSolution
		HasPerformanceSessions = true
	EndGlobalSection
	GlobalSection(Performance) = preSolution
		HasPerformanceSessions = true
	EndGlobalSection
	GlobalSection(Performance) = preSolution
		HasPerformanceSessions = true
	EndGlobalSection
	GlobalSection(Performance) = preSolution
		HasPerformanceSessions = true
	EndGlobalSection
	GlobalSection(Performance) = preSolution
		HasPerformanceSessions = true
	EndGlobalSection
EndGlobal
