<?xml version="1.0" encoding="utf-8"?>
<Project ToolsVersion="4.0" xmlns="http://schemas.microsoft.com/developer/msbuild/2003">
  <ItemGroup>
    <ClCompile Include="Camera.cpp" />
    <ClCompile Include="Cube.cpp" />
    <ClCompile Include="Light.cpp" />
    <ClCompile Include="Octree.cpp" />
    <ClCompile Include="main.cpp" />
    <ClCompile Include="Polygon.cpp" />
    <ClCompile Include="Scene.cpp" />
    <ClCompile Include="Shader.cpp" />
    <ClCompile Include="Solid.cpp" />
    <ClCompile Include="stdafx.cpp" />
    <ClCompile Include="Texture.cpp" />
    <ClCompile Include="Vec3.cpp" />
    <ClCompile Include="waveFrontLoader.cpp" />
    <ClCompile Include="WindowBuilder.cpp" />
  </ItemGroup>
  <ItemGroup>
    <ClInclude Include="Camera.h" />
    <ClInclude Include="Cube.h" />
    <ClInclude Include="Light.h" />
    <ClInclude Include="Octree.h" />
    <ClInclude Include="Polygon.h" />
    <ClInclude Include="resource.h" />
    <ClInclude Include="Scene.h" />
    <ClInclude Include="Shader.h" />
    <ClInclude Include="Solid.h" />
    <ClInclude Include="stdafx.h" />
    <ClInclude Include="targetver.h" />
    <ClInclude Include="Texture.h" />
    <ClInclude Include="Vec3.h" />
    <ClInclude Include="waveFrontLoader.h" />
    <ClInclude Include="WindowBuilder.h" />
  </ItemGroup>
  <ItemGroup>
    <ResourceCompile Include="Octree2.rc" />
  </ItemGroup>
  <ItemGroup>
    <None Include="ClassDiagram.cd" />
    <None Include="Dependencies\DLLs\glew32.dll">
      <Filter>reference</Filter>
    </None>
    <None Include="Dependencies\DLLs\sfml-audio-2.dll">
      <Filter>reference</Filter>
    </None>
    <None Include="Dependencies\DLLs\sfml-audio-d-2.dll">
      <Filter>reference</Filter>
    </None>
    <None Include="Dependencies\DLLs\sfml-graphics-2.dll">
      <Filter>reference</Filter>
    </None>
    <None Include="Dependencies\DLLs\sfml-graphics-d-2.dll">
      <Filter>reference</Filter>
    </None>
    <None Include="Dependencies\DLLs\sfml-system-2.dll">
      <Filter>reference</Filter>
    </None>
    <None Include="Dependencies\DLLs\sfml-system-d-2.dll">
      <Filter>reference</Filter>
    </None>
    <None Include="Dependencies\DLLs\sfml-window-2.dll">
      <Filter>reference</Filter>
    </None>
    <None Include="Dependencies\DLLs\sfml-window-d-2.dll">
      <Filter>reference</Filter>
    </None>
    <None Include="Dependencies\DLLs\openal32.dll">
      <Filter>reference</Filter>
    </None>
    <None Include="shaders\transform.ver">
      <Filter>shader</Filter>
    </None>
    <None Include="shaders\col.frag">
      <Filter>shader</Filter>
    </None>
  </ItemGroup>
  <ItemGroup>
    <Text Include="ReadMe.txt" />
  </ItemGroup>
  <ItemGroup>
    <Filter Include="reference">
      <UniqueIdentifier>{0b0b9d7c-31c1-4758-8a84-74b4b32e8b1e}</UniqueIdentifier>
    </Filter>
    <Filter Include="shader">
      <UniqueIdentifier>{37d8621d-ad91-4a86-9241-6ebacfc3e7c5}</UniqueIdentifier>
    </Filter>
    <Filter Include="obj">
      <UniqueIdentifier>{f50fef8e-b6ed-45b2-877f-718b6b9f0566}</UniqueIdentifier>
    </Filter>
  </ItemGroup>
  <ItemGroup>
    <Resource Include="obj\cube.obj">
      <Filter>obj</Filter>
    </Resource>
  </ItemGroup>
  <ItemGroup>
    <Media Include="obj\monkey.obj">
      <Filter>obj</Filter>
    </Media>
  </ItemGroup>
</Project>