<?xml version="1.0" encoding="utf-8"?>
<Project ToolsVersion="4.0" xmlns="http://schemas.microsoft.com/developer/msbuild/2003">
  <ItemGroup>
    <ClCompile Include="Camera.cpp">
      <Filter>sources</Filter>
    </ClCompile>
    <ClCompile Include="Light.cpp">
      <Filter>sources</Filter>
    </ClCompile>
    <ClCompile Include="Octree.cpp">
      <Filter>sources</Filter>
    </ClCompile>
    <ClCompile Include="main.cpp">
      <Filter>sources</Filter>
    </ClCompile>
    <ClCompile Include="Cube.cpp">
      <Filter>sources</Filter>
    </ClCompile>
    <ClCompile Include="Polygon.cpp">
      <Filter>sources</Filter>
    </ClCompile>
    <ClCompile Include="Scene.cpp">
      <Filter>sources</Filter>
    </ClCompile>
    <ClCompile Include="Shader.cpp">
      <Filter>sources</Filter>
    </ClCompile>
    <ClCompile Include="stdafx.cpp">
      <Filter>sources</Filter>
    </ClCompile>
    <ClCompile Include="Solid.cpp">
      <Filter>sources</Filter>
    </ClCompile>
    <ClCompile Include="Texture.cpp">
      <Filter>sources</Filter>
    </ClCompile>
    <ClCompile Include="Vec3.cpp">
      <Filter>sources</Filter>
    </ClCompile>
    <ClCompile Include="waveFrontLoader.cpp">
      <Filter>sources</Filter>
    </ClCompile>
    <ClCompile Include="WindowBuilder.cpp">
      <Filter>sources</Filter>
    </ClCompile>
  </ItemGroup>
  <ItemGroup>
    <ClInclude Include="Cube.h">
      <Filter>headers</Filter>
    </ClInclude>
    <ClInclude Include="Light.h">
      <Filter>headers</Filter>
    </ClInclude>
    <ClInclude Include="Octree.h">
      <Filter>headers</Filter>
    </ClInclude>
    <ClInclude Include="Polygon.h">
      <Filter>headers</Filter>
    </ClInclude>
    <ClInclude Include="resource.h">
      <Filter>headers</Filter>
    </ClInclude>
    <ClInclude Include="Scene.h">
      <Filter>headers</Filter>
    </ClInclude>
    <ClInclude Include="Shader.h">
      <Filter>headers</Filter>
    </ClInclude>
    <ClInclude Include="stdafx.h">
      <Filter>headers</Filter>
    </ClInclude>
    <ClInclude Include="Solid.h">
      <Filter>headers</Filter>
    </ClInclude>
    <ClInclude Include="targetver.h">
      <Filter>headers</Filter>
    </ClInclude>
    <ClInclude Include="Texture.h">
      <Filter>headers</Filter>
    </ClInclude>
    <ClInclude Include="Vec3.h">
      <Filter>headers</Filter>
    </ClInclude>
    <ClInclude Include="waveFrontLoader.h">
      <Filter>headers</Filter>
    </ClInclude>
    <ClInclude Include="WindowBuilder.h">
      <Filter>headers</Filter>
    </ClInclude>
    <ClInclude Include="Camera.h">
      <Filter>headers</Filter>
    </ClInclude>
  </ItemGroup>
  <ItemGroup>
    <ResourceCompile Include="Octree2.rc" />
  </ItemGroup>
  <ItemGroup>
    <None Include="ClassDiagram.cd" />
    <None Include="Dependencies\DLLs\glew32.dll">
      <Filter>reference</Filter>
    </None>
    <None Include="Dependencies\DLLs\sfml-audio-2.dll">
      <Filter>reference</Filter>
    </None>
    <None Include="Dependencies\DLLs\sfml-audio-d-2.dll">
      <Filter>reference</Filter>
    </None>
    <None Include="Dependencies\DLLs\sfml-graphics-2.dll">
      <Filter>reference</Filter>
    </None>
    <None Include="Dependencies\DLLs\sfml-graphics-d-2.dll">
      <Filter>reference</Filter>
    </None>
    <None Include="Dependencies\DLLs\sfml-system-2.dll">
      <Filter>reference</Filter>
    </None>
    <None Include="Dependencies\DLLs\sfml-system-d-2.dll">
      <Filter>reference</Filter>
    </None>
    <None Include="Dependencies\DLLs\sfml-window-2.dll">
      <Filter>reference</Filter>
    </None>
    <None Include="Dependencies\DLLs\sfml-window-d-2.dll">
      <Filter>reference</Filter>
    </None>
    <None Include="Dependencies\DLLs\openal32.dll">
      <Filter>reference</Filter>
    </None>
    <None Include="shaders\transform.ver">
      <Filter>shader</Filter>
    </None>
    <None Include="shaders\col.frag">
      <Filter>shader</Filter>
    </None>
    <None Include="shaders\directionalLight.frag">
      <Filter>shader</Filter>
    </None>
    <None Include="shaders\texture.ver">
      <Filter>shader</Filter>
    </None>
    <None Include="shaders\debug.frag">
      <Filter>shader</Filter>
    </None>
  </ItemGroup>
  <ItemGroup>
    <Text Include="ReadMe.txt" />
  </ItemGroup>
  <ItemGroup>
    <Filter Include="reference">
      <UniqueIdentifier>{0b0b9d7c-31c1-4758-8a84-74b4b32e8b1e}</UniqueIdentifier>
    </Filter>
    <Filter Include="shader">
      <UniqueIdentifier>{37d8621d-ad91-4a86-9241-6ebacfc3e7c5}</UniqueIdentifier>
    </Filter>
    <Filter Include="obj">
      <UniqueIdentifier>{f50fef8e-b6ed-45b2-877f-718b6b9f0566}</UniqueIdentifier>
    </Filter>
    <Filter Include="headers">
      <UniqueIdentifier>{00f1f29d-e97f-4386-b14a-11612e11886e}</UniqueIdentifier>
      <Extensions>.h</Extensions>
    </Filter>
    <Filter Include="sources">
      <UniqueIdentifier>{6856e957-36af-4ac2-b637-f41f22f493ff}</UniqueIdentifier>
      <Extensions>.cpp</Extensions>
    </Filter>
    <Filter Include="textures">
      <UniqueIdentifier>{02846981-9e96-414b-82e4-a4e7adcd323e}</UniqueIdentifier>
    </Filter>
  </ItemGroup>
  <ItemGroup>
    <Resource Include="obj\scene.obj">
      <Filter>obj</Filter>
    </Resource>
    <Resource Include="obj\CubeText.obj">
      <Filter>obj</Filter>
    </Resource>
    <Resource Include="obj\cube.obj">
      <Filter>obj</Filter>
    </Resource>
  </ItemGroup>
  <ItemGroup>
    <Media Include="obj\monkey.obj">
      <Filter>obj</Filter>
    </Media>
  </ItemGroup>
  <ItemGroup>
    <Image Include="texture\No-Mans-Sky-1.jpg">
      <Filter>textures</Filter>
    </Image>
  </ItemGroup>
</Project>