<?xml version="1.0" encoding="utf-8"?>
<Project ToolsVersion="4.0" xmlns="http://schemas.microsoft.com/developer/msbuild/2003">
  <ItemGroup>
    <ClCompile Include="FrameBuffer.cpp">
      <Filter>sources</Filter>
    </ClCompile>
    <ClCompile Include="ParameterContainer.cpp">
      <Filter>sources</Filter>
    </ClCompile>
    <ClCompile Include="PreprocessorShader.cpp">
      <Filter>sources</Filter>
    </ClCompile>
    <ClCompile Include="RenderPass.cpp">
      <Filter>sources</Filter>
    </ClCompile>
    <ClCompile Include="RenderPipeline.cpp">
      <Filter>sources</Filter>
    </ClCompile>
    <ClCompile Include="Scene.cpp">
      <Filter>sources</Filter>
    </ClCompile>
    <ClCompile Include="SceneLoader.cpp">
      <Filter>sources</Filter>
    </ClCompile>
    <ClCompile Include="stdafx.cpp">
      <Filter>sources</Filter>
    </ClCompile>
    <ClCompile Include="waveFrontLoader.cpp">
      <Filter>sources</Filter>
    </ClCompile>
    <ClCompile Include="Camera.cpp">
      <Filter>sources\resources</Filter>
    </ClCompile>
    <ClCompile Include="CubeMap.cpp">
      <Filter>sources\resources</Filter>
    </ClCompile>
    <ClCompile Include="GameObject.cpp">
      <Filter>sources\resources</Filter>
    </ClCompile>
    <ClCompile Include="Light.cpp">
      <Filter>sources\resources</Filter>
    </ClCompile>
    <ClCompile Include="Material.cpp">
      <Filter>sources\resources</Filter>
    </ClCompile>
    <ClCompile Include="Mesh.cpp">
      <Filter>sources\resources</Filter>
    </ClCompile>
    <ClCompile Include="Polygon.cpp">
      <Filter>sources\resources</Filter>
    </ClCompile>
    <ClCompile Include="Resource.cpp">
      <Filter>sources\resources</Filter>
    </ClCompile>
    <ClCompile Include="ShaderPostProcess.cpp">
      <Filter>sources\resources</Filter>
    </ClCompile>
    <ClCompile Include="ShaderPBR.cpp">
      <Filter>sources\resources</Filter>
    </ClCompile>
    <ClCompile Include="Shader.cpp">
      <Filter>sources\resources</Filter>
    </ClCompile>
    <ClCompile Include="Solid.cpp">
      <Filter>sources\resources</Filter>
    </ClCompile>
    <ClCompile Include="Texture.cpp">
      <Filter>sources\resources</Filter>
    </ClCompile>
    <ClCompile Include="SceneSaver.cpp">
      <Filter>sources</Filter>
    </ClCompile>
    <ClCompile Include="ResourceAtlas.cpp">
      <Filter>sources</Filter>
    </ClCompile>
    <ClCompile Include="MeshLoader.cpp">
      <Filter>sources</Filter>
    </ClCompile>
  </ItemGroup>
  <ItemGroup>
    <ClInclude Include="Common.h">
      <Filter>headers</Filter>
    </ClInclude>
    <ClInclude Include="FrameBuffer.h">
      <Filter>headers</Filter>
    </ClInclude>
    <ClInclude Include="ParameterContainer.h">
      <Filter>headers</Filter>
    </ClInclude>
    <ClInclude Include="PreprocessorShader.h">
      <Filter>headers</Filter>
    </ClInclude>
    <ClInclude Include="RenderPass.h">
      <Filter>headers</Filter>
    </ClInclude>
    <ClInclude Include="RenderPipeline.h">
      <Filter>headers</Filter>
    </ClInclude>
    <ClInclude Include="Scene.h">
      <Filter>headers</Filter>
    </ClInclude>
    <ClInclude Include="SceneLoader.h">
      <Filter>headers</Filter>
    </ClInclude>
    <ClInclude Include="ShaderPostProcess.h">
      <Filter>headers</Filter>
    </ClInclude>
    <ClInclude Include="stdafx.h">
      <Filter>headers</Filter>
    </ClInclude>
    <ClInclude Include="targetver.h">
      <Filter>headers</Filter>
    </ClInclude>
    <ClInclude Include="waveFrontLoader.h">
      <Filter>headers</Filter>
    </ClInclude>
    <ClInclude Include="SceneSaver.h">
      <Filter>headers</Filter>
    </ClInclude>
    <ClInclude Include="Camera.h">
      <Filter>headers\Resources</Filter>
    </ClInclude>
    <ClInclude Include="CubeMap.h">
      <Filter>headers\Resources</Filter>
    </ClInclude>
    <ClInclude Include="GameObject.h">
      <Filter>headers\Resources</Filter>
    </ClInclude>
    <ClInclude Include="Light.h">
      <Filter>headers\Resources</Filter>
    </ClInclude>
    <ClInclude Include="Material.h">
      <Filter>headers\Resources</Filter>
    </ClInclude>
    <ClInclude Include="Mesh.h">
      <Filter>headers\Resources</Filter>
    </ClInclude>
    <ClInclude Include="Polygon.h">
      <Filter>headers\Resources</Filter>
    </ClInclude>
    <ClInclude Include="Resource.h">
      <Filter>headers\Resources</Filter>
    </ClInclude>
    <ClInclude Include="Shader.h">
      <Filter>headers\Resources</Filter>
    </ClInclude>
    <ClInclude Include="ShaderPBR.h">
      <Filter>headers\Resources</Filter>
    </ClInclude>
    <ClInclude Include="Solid.h">
      <Filter>headers\Resources</Filter>
    </ClInclude>
    <ClInclude Include="Texture.h">
      <Filter>headers\Resources</Filter>
    </ClInclude>
    <ClInclude Include="ResourceAtlas.h">
      <Filter>headers</Filter>
    </ClInclude>
    <ClInclude Include="tiny_obj_loader.h">
      <Filter>headers</Filter>
    </ClInclude>
    <ClInclude Include="MeshLoader.h">
      <Filter>headers</Filter>
    </ClInclude>
  </ItemGroup>
  <ItemGroup>
    <None Include="script.bat" />
  </ItemGroup>
  <ItemGroup>
    <Filter Include="sources">
      <UniqueIdentifier>{4b9785a4-0021-499d-9cfb-7ea798ccba07}</UniqueIdentifier>
      <Extensions>cpp;c;cc;cxx;def;odl;idl;hpj;bat;asm;asmx</Extensions>
    </Filter>
    <Filter Include="headers">
      <UniqueIdentifier>{c17e5d2d-f770-4e51-a5e5-f0743294c285}</UniqueIdentifier>
      <Extensions>h;hh;hpp;hxx;hm;inl;inc;ipp;xsd</Extensions>
    </Filter>
    <Filter Include="sources\resources">
      <UniqueIdentifier>{c4933da4-6877-40b5-8a5e-79f1e6943bfa}</UniqueIdentifier>
    </Filter>
    <Filter Include="headers\Resources">
      <UniqueIdentifier>{3eaa704b-8c7f-42d2-9efc-90dec781f9af}</UniqueIdentifier>
    </Filter>
  </ItemGroup>
</Project>